
Microsoft Visual Studio Solution File, Format Version 12.00
# Visual Studio Version 17
VisualStudioVersion = 17.5.2.0
MinimumVisualStudioVersion = 10.0.40219.1
Project("{FAE04EC0-301F-11D3-BF4B-00C04F79EFBC}") = "movie-reservation-system", "movie-reservation-system.csproj", "{CE589C53-C5E8-5826-74F5-2716E58AFB9F}"
EndProject
Project("{FAE04EC0-301F-11D3-BF4B-00C04F79EFBC}") = "movie-reservation-system.Test", "movie-reservation-system.Test\movie-reservation-system.Test.csproj", "{13F77C3F-66FA-451B-BB6D-BC188E4AFF22}"
EndProject
Global
	GlobalSection(SolutionConfigurationPlatforms) = preSolution
		Debug|Any CPU = Debug|Any CPU
		Debug|x64 = Debug|x64
		Debug|x86 = Debug|x86
		Release|Any CPU = Release|Any CPU
		Release|x64 = Release|x64
		Release|x86 = Release|x86
	EndGlobalSection
	GlobalSection(ProjectConfigurationPlatforms) = postSolution
		{CE589C53-C5E8-5826-74F5-2716E58AFB9F}.Debug|Any CPU.ActiveCfg = Debug|Any CPU
		{CE589C53-C5E8-5826-74F5-2716E58AFB9F}.Debug|Any CPU.Build.0 = Debug|Any CPU
		{CE589C53-C5E8-5826-74F5-2716E58AFB9F}.Debug|x64.ActiveCfg = Debug|Any CPU
		{CE589C53-C5E8-5826-74F5-2716E58AFB9F}.Debug|x64.Build.0 = Debug|Any CPU
		{CE589C53-C5E8-5826-74F5-2716E58AFB9F}.Debug|x86.ActiveCfg = Debug|Any CPU
		{CE589C53-C5E8-5826-74F5-2716E58AFB9F}.Debug|x86.Build.0 = Debug|Any CPU
		{CE589C53-C5E8-5826-74F5-2716E58AFB9F}.Release|Any CPU.ActiveCfg = Release|Any CPU
		{CE589C53-C5E8-5826-74F5-2716E58AFB9F}.Release|Any CPU.Build.0 = Release|Any CPU
		{CE589C53-C5E8-5826-74F5-2716E58AFB9F}.Release|x64.ActiveCfg = Release|Any CPU
		{CE589C53-C5E8-5826-74F5-2716E58AFB9F}.Release|x64.Build.0 = Release|Any CPU
		{CE589C53-C5E8-5826-74F5-2716E58AFB9F}.Release|x86.ActiveCfg = Release|Any CPU
		{CE589C53-C5E8-5826-74F5-2716E58AFB9F}.Release|x86.Build.0 = Release|Any CPU
		{13F77C3F-66FA-451B-BB6D-BC188E4AFF22}.Debug|Any CPU.ActiveCfg = Debug|Any CPU
		{13F77C3F-66FA-451B-BB6D-BC188E4AFF22}.Debug|Any CPU.Build.0 = Debug|Any CPU
		{13F77C3F-66FA-451B-BB6D-BC188E4AFF22}.Debug|x64.ActiveCfg = Debug|Any CPU
		{13F77C3F-66FA-451B-BB6D-BC188E4AFF22}.Debug|x64.Build.0 = Debug|Any CPU
		{13F77C3F-66FA-451B-BB6D-BC188E4AFF22}.Debug|x86.ActiveCfg = Debug|Any CPU
		{13F77C3F-66FA-451B-BB6D-BC188E4AFF22}.Debug|x86.Build.0 = Debug|Any CPU
		{13F77C3F-66FA-451B-BB6D-BC188E4AFF22}.Release|Any CPU.ActiveCfg = Release|Any CPU
		{13F77C3F-66FA-451B-BB6D-BC188E4AFF22}.Release|Any CPU.Build.0 = Release|Any CPU
		{13F77C3F-66FA-451B-BB6D-BC188E4AFF22}.Release|x64.ActiveCfg = Release|Any CPU
		{13F77C3F-66FA-451B-BB6D-BC188E4AFF22}.Release|x64.Build.0 = Release|Any CPU
		{13F77C3F-66FA-451B-BB6D-BC188E4AFF22}.Release|x86.ActiveCfg = Release|Any CPU
		{13F77C3F-66FA-451B-BB6D-BC188E4AFF22}.Release|x86.Build.0 = Release|Any CPU
	EndGlobalSection
	GlobalSection(SolutionProperties) = preSolution
		HideSolutionNode = FALSE
	EndGlobalSection
	GlobalSection(ExtensibilityGlobals) = postSolution
		SolutionGuid = {F7B14784-D4DA-45A0-ADE1-CB2B9D97990D}
	EndGlobalSection
EndGlobal
