Microsoft Visual Studio Solution File, Format Version 12.00
# Visual Studio Version 17
VisualStudioVersion = 17.5.2.0
MinimumVisualStudioVersion = 10.0.40219.1
Project("{FAE04EC0-301F-11D3-BF4B-00C04F79EFBC}") = "movie-reservation-system", "movie-reservation-system.csproj", "{CE589C53-C5E8-5826-74F5-2716E58AFB9F}"
EndProject
Global
	GlobalSection(SolutionConfigurationPlatforms) = preSolution
		Debug|Any CPU = Debug|Any CPU
		Release|Any CPU = Release|Any CPU
	EndGlobalSection
	GlobalSection(ProjectConfigurationPlatforms) = postSolution
		{CE589C53-C5E8-5826-74F5-2716E58AFB9F}.Debug|Any CPU.ActiveCfg = Debug|Any CPU
		{CE589C53-C5E8-5826-74F5-2716E58AFB9F}.Debug|Any CPU.Build.0 = Debug|Any CPU
		{CE589C53-C5E8-5826-74F5-2716E58AFB9F}.Release|Any CPU.ActiveCfg = Release|Any CPU
		{CE589C53-C5E8-5826-74F5-2716E58AFB9F}.Release|Any CPU.Build.0 = Release|Any CPU
	EndGlobalSection
	GlobalSection(SolutionProperties) = preSolution
		HideSolutionNode = FALSE
	EndGlobalSection
	GlobalSection(ExtensibilityGlobals) = postSolution
		SolutionGuid = {F7B14784-D4DA-45A0-ADE1-CB2B9D97990D}
	EndGlobalSection
EndGlobal
